
Microsoft Visual Studio Solution File, Format Version 12.00
# Visual Studio Version 17
VisualStudioVersion = 17.2.32616.157
MinimumVisualStudioVersion = 10.0.40219.1
Project("{FAE04EC0-301F-11D3-BF4B-00C04F79EFBC}") = "FileManagementAPI", "FileManagementAPI.csproj", "{50C51826-5512-4CFD-A1AA-2CB4CAC3EE6C}"
EndProject
Project("{2150E333-8FDC-42A3-9474-1A3956D46DE8}") = "Authentication", "Authentication", "{FDF551EB-179E-4D0E-B44F-0F54649BB1AB}"
EndProject
Project("{FAE04EC0-301F-11D3-BF4B-00C04F79EFBC}") = "FileManagement.Authentication", "..\Authentication\FileManagement.Authentication\FileManagement.Authentication.csproj", "{349E64A1-395C-4CAE-BCFC-903A94127B48}"
EndProject
Project("{2150E333-8FDC-42A3-9474-1A3956D46DE8}") = "IdentityServer", "IdentityServer", "{4ACCD314-18EA-434C-BBC4-44F535B04717}"
EndProject
Project("{FAE04EC0-301F-11D3-BF4B-00C04F79EFBC}") = "FileManagement.IdentityServer", "..\IdentityServer\FileManagement.IdentityServer\FileManagement.IdentityServer.csproj", "{D0A00A55-5E77-4B07-9C98-B289DFFA16FE}"
EndProject
Global
	GlobalSection(SolutionConfigurationPlatforms) = preSolution
		Debug|Any CPU = Debug|Any CPU
		Release|Any CPU = Release|Any CPU
	EndGlobalSection
	GlobalSection(ProjectConfigurationPlatforms) = postSolution
		{50C51826-5512-4CFD-A1AA-2CB4CAC3EE6C}.Debug|Any CPU.ActiveCfg = Debug|Any CPU
		{50C51826-5512-4CFD-A1AA-2CB4CAC3EE6C}.Debug|Any CPU.Build.0 = Debug|Any CPU
		{50C51826-5512-4CFD-A1AA-2CB4CAC3EE6C}.Release|Any CPU.ActiveCfg = Release|Any CPU
		{50C51826-5512-4CFD-A1AA-2CB4CAC3EE6C}.Release|Any CPU.Build.0 = Release|Any CPU
		{349E64A1-395C-4CAE-BCFC-903A94127B48}.Debug|Any CPU.ActiveCfg = Debug|Any CPU
		{349E64A1-395C-4CAE-BCFC-903A94127B48}.Debug|Any CPU.Build.0 = Debug|Any CPU
		{349E64A1-395C-4CAE-BCFC-903A94127B48}.Release|Any CPU.ActiveCfg = Release|Any CPU
		{349E64A1-395C-4CAE-BCFC-903A94127B48}.Release|Any CPU.Build.0 = Release|Any CPU
		{D0A00A55-5E77-4B07-9C98-B289DFFA16FE}.Debug|Any CPU.ActiveCfg = Debug|Any CPU
		{D0A00A55-5E77-4B07-9C98-B289DFFA16FE}.Debug|Any CPU.Build.0 = Debug|Any CPU
		{D0A00A55-5E77-4B07-9C98-B289DFFA16FE}.Release|Any CPU.ActiveCfg = Release|Any CPU
		{D0A00A55-5E77-4B07-9C98-B289DFFA16FE}.Release|Any CPU.Build.0 = Release|Any CPU
	EndGlobalSection
	GlobalSection(SolutionProperties) = preSolution
		HideSolutionNode = FALSE
	EndGlobalSection
	GlobalSection(NestedProjects) = preSolution
		{349E64A1-395C-4CAE-BCFC-903A94127B48} = {FDF551EB-179E-4D0E-B44F-0F54649BB1AB}
		{D0A00A55-5E77-4B07-9C98-B289DFFA16FE} = {4ACCD314-18EA-434C-BBC4-44F535B04717}
	EndGlobalSection
	GlobalSection(ExtensibilityGlobals) = postSolution
		SolutionGuid = {C0045263-6396-4958-A0D9-1AC9E5879337}
	EndGlobalSection
EndGlobal
